
Microsoft Visual Studio Solution File, Format Version 12.00
# Visual Studio 15
VisualStudioVersion = 15.0.27428.2037
MinimumVisualStudioVersion = 10.0.40219.1
Project("{FAE04EC0-301F-11D3-BF4B-00C04F79EFBC}") = "ReflectionTest", "ReflectionTest\ReflectionTest.csproj", "{9A7A3733-B78A-40B2-AC9A-CEA2DE353A8B}"
EndProject
Project("{FAE04EC0-301F-11D3-BF4B-00C04F79EFBC}") = "CustAttribs", "CustAttribs\CustAttribs.csproj", "{0FB6803B-B6BF-4518-A119-94B10A3F0BC4}"
EndProject
Global
	GlobalSection(SolutionConfigurationPlatforms) = preSolution
		Debug|Any CPU = Debug|Any CPU
		Release|Any CPU = Release|Any CPU
	EndGlobalSection
	GlobalSection(ProjectConfigurationPlatforms) = postSolution
		{9A7A3733-B78A-40B2-AC9A-CEA2DE353A8B}.Debug|Any CPU.ActiveCfg = Debug|Any CPU
		{9A7A3733-B78A-40B2-AC9A-CEA2DE353A8B}.Debug|Any CPU.Build.0 = Debug|Any CPU
		{9A7A3733-B78A-40B2-AC9A-CEA2DE353A8B}.Release|Any CPU.ActiveCfg = Release|Any CPU
		{9A7A3733-B78A-40B2-AC9A-CEA2DE353A8B}.Release|Any CPU.Build.0 = Release|Any CPU
		{0FB6803B-B6BF-4518-A119-94B10A3F0BC4}.Debug|Any CPU.ActiveCfg = Debug|Any CPU
		{0FB6803B-B6BF-4518-A119-94B10A3F0BC4}.Debug|Any CPU.Build.0 = Debug|Any CPU
		{0FB6803B-B6BF-4518-A119-94B10A3F0BC4}.Release|Any CPU.ActiveCfg = Release|Any CPU
		{0FB6803B-B6BF-4518-A119-94B10A3F0BC4}.Release|Any CPU.Build.0 = Release|Any CPU
	EndGlobalSection
	GlobalSection(SolutionProperties) = preSolution
		HideSolutionNode = FALSE
	EndGlobalSection
	GlobalSection(ExtensibilityGlobals) = postSolution
		SolutionGuid = {6A4390B4-0B80-42BB-AFB0-CB6360F934E0}
	EndGlobalSection
EndGlobal
